
Microsoft Visual Studio Solution File, Format Version 12.00
# Visual Studio Version 16
VisualStudioVersion = 16.0.30330.147
MinimumVisualStudioVersion = 10.0.40219.1
Project("{2150E333-8FDC-42A3-9474-1A3956D46DE8}") = "1- Layers", "1- Layers", "{62AF960E-AED4-4F49-92CE-3BE580A305F8}"
EndProject
Project("{2150E333-8FDC-42A3-9474-1A3956D46DE8}") = "1.1- Presentation", "1.1- Presentation", "{06D5F937-BE3F-4715-AA5E-0BA3D19F3E8F}"
EndProject
Project("{9A19103F-16F7-4668-BE54-9A1E7A4F7556}") = "Presentation.API", "src\Presentation.API\Presentation.API.csproj", "{86BFFD10-B265-481D-A961-498B92C6B391}"
EndProject
Project("{2150E333-8FDC-42A3-9474-1A3956D46DE8}") = "1.4- Models", "1.4- Models", "{59099088-3D79-40AF-B7C6-3311FCC204E3}"
EndProject
Project("{9A19103F-16F7-4668-BE54-9A1E7A4F7556}") = "Models.Domain", "src\Models.Domain\Models.Domain.csproj", "{DF1648AC-7667-4578-8A72-006746E5199E}"
EndProject
Project("{2150E333-8FDC-42A3-9474-1A3956D46DE8}") = "1.3- DAL", "1.3- DAL", "{270145E1-1D75-48C5-8366-D36A1EB33500}"
EndProject
Project("{9A19103F-16F7-4668-BE54-9A1E7A4F7556}") = "DAL.Repositories", "src\DAL.Repositories\DAL.Repositories.csproj", "{7647BF5E-6C29-425F-9293-51D29022DC4A}"
EndProject
Project("{2150E333-8FDC-42A3-9474-1A3956D46DE8}") = "1.2- BLL", "1.2- BLL", "{2A3FFC7F-DE88-47A0-A79D-C93655F4FC86}"
EndProject
Project("{9A19103F-16F7-4668-BE54-9A1E7A4F7556}") = "BLL.Services", "src\BLL.Services\BLL.Services.csproj", "{C995F654-9D93-4CAC-AC03-33B0C715EF6D}"
EndProject
Project("{2150E333-8FDC-42A3-9474-1A3956D46DE8}") = "1.5- Infrastructure", "1.5- Infrastructure", "{6292A470-243F-4F37-B51D-67CA96A17C3C}"
EndProject
Project("{9A19103F-16F7-4668-BE54-9A1E7A4F7556}") = "Infrastructure.CrossCutting", "src\Infrastructure.CrossCutting\Infrastructure.CrossCutting.csproj", "{3C08DE5E-85C3-463F-BBF3-D719E19C0518}"
EndProject
Global
	GlobalSection(SolutionConfigurationPlatforms) = preSolution
		Debug|Any CPU = Debug|Any CPU
		Release|Any CPU = Release|Any CPU
	EndGlobalSection
	GlobalSection(ProjectConfigurationPlatforms) = postSolution
		{86BFFD10-B265-481D-A961-498B92C6B391}.Debug|Any CPU.ActiveCfg = Debug|Any CPU
		{86BFFD10-B265-481D-A961-498B92C6B391}.Debug|Any CPU.Build.0 = Debug|Any CPU
		{86BFFD10-B265-481D-A961-498B92C6B391}.Release|Any CPU.ActiveCfg = Release|Any CPU
		{86BFFD10-B265-481D-A961-498B92C6B391}.Release|Any CPU.Build.0 = Release|Any CPU
		{DF1648AC-7667-4578-8A72-006746E5199E}.Debug|Any CPU.ActiveCfg = Debug|Any CPU
		{DF1648AC-7667-4578-8A72-006746E5199E}.Debug|Any CPU.Build.0 = Debug|Any CPU
		{DF1648AC-7667-4578-8A72-006746E5199E}.Release|Any CPU.ActiveCfg = Release|Any CPU
		{DF1648AC-7667-4578-8A72-006746E5199E}.Release|Any CPU.Build.0 = Release|Any CPU
		{7647BF5E-6C29-425F-9293-51D29022DC4A}.Debug|Any CPU.ActiveCfg = Debug|Any CPU
		{7647BF5E-6C29-425F-9293-51D29022DC4A}.Debug|Any CPU.Build.0 = Debug|Any CPU
		{7647BF5E-6C29-425F-9293-51D29022DC4A}.Release|Any CPU.ActiveCfg = Release|Any CPU
		{7647BF5E-6C29-425F-9293-51D29022DC4A}.Release|Any CPU.Build.0 = Release|Any CPU
		{C995F654-9D93-4CAC-AC03-33B0C715EF6D}.Debug|Any CPU.ActiveCfg = Debug|Any CPU
		{C995F654-9D93-4CAC-AC03-33B0C715EF6D}.Debug|Any CPU.Build.0 = Debug|Any CPU
		{C995F654-9D93-4CAC-AC03-33B0C715EF6D}.Release|Any CPU.ActiveCfg = Release|Any CPU
		{C995F654-9D93-4CAC-AC03-33B0C715EF6D}.Release|Any CPU.Build.0 = Release|Any CPU
		{3C08DE5E-85C3-463F-BBF3-D719E19C0518}.Debug|Any CPU.ActiveCfg = Debug|Any CPU
		{3C08DE5E-85C3-463F-BBF3-D719E19C0518}.Debug|Any CPU.Build.0 = Debug|Any CPU
		{3C08DE5E-85C3-463F-BBF3-D719E19C0518}.Release|Any CPU.ActiveCfg = Release|Any CPU
		{3C08DE5E-85C3-463F-BBF3-D719E19C0518}.Release|Any CPU.Build.0 = Release|Any CPU
	EndGlobalSection
	GlobalSection(SolutionProperties) = preSolution
		HideSolutionNode = FALSE
	EndGlobalSection
	GlobalSection(NestedProjects) = preSolution
		{06D5F937-BE3F-4715-AA5E-0BA3D19F3E8F} = {62AF960E-AED4-4F49-92CE-3BE580A305F8}
		{86BFFD10-B265-481D-A961-498B92C6B391} = {06D5F937-BE3F-4715-AA5E-0BA3D19F3E8F}
		{59099088-3D79-40AF-B7C6-3311FCC204E3} = {62AF960E-AED4-4F49-92CE-3BE580A305F8}
		{DF1648AC-7667-4578-8A72-006746E5199E} = {59099088-3D79-40AF-B7C6-3311FCC204E3}
		{270145E1-1D75-48C5-8366-D36A1EB33500} = {62AF960E-AED4-4F49-92CE-3BE580A305F8}
		{7647BF5E-6C29-425F-9293-51D29022DC4A} = {270145E1-1D75-48C5-8366-D36A1EB33500}
		{2A3FFC7F-DE88-47A0-A79D-C93655F4FC86} = {62AF960E-AED4-4F49-92CE-3BE580A305F8}
		{C995F654-9D93-4CAC-AC03-33B0C715EF6D} = {2A3FFC7F-DE88-47A0-A79D-C93655F4FC86}
		{6292A470-243F-4F37-B51D-67CA96A17C3C} = {62AF960E-AED4-4F49-92CE-3BE580A305F8}
		{3C08DE5E-85C3-463F-BBF3-D719E19C0518} = {6292A470-243F-4F37-B51D-67CA96A17C3C}
	EndGlobalSection
	GlobalSection(ExtensibilityGlobals) = postSolution
		SolutionGuid = {C7F4F9F6-BA3B-4798-AE5C-44A590E6DB9D}
	EndGlobalSection
EndGlobal
